{
  "name": "highlightjs-carve",
  "version": "0.1.1",
  "lockfileVersion": 3,
  "requires": true,
  "packages": {
    "": {
      "name": "highlightjs-carve",
      "version": "0.1.1",
      "license": "MIT",
      "devDependencies": {
        "@markup-carve/carve-grammars": "^0.1.9",
        "highlight.js": "^11.11.1"
      },
      "peerDependencies": {
        "highlight.js": "^11"
      }
    },
    "node_modules/@markup-carve/carve": {
      "version": "0.1.7",
      "resolved": "https://registry.npmjs.org/@markup-carve/carve/-/carve-0.1.7.tgz",
      "integrity": "sha512-G9hF9N9Cu6RbbWBv3CM4/ommmIa/KCUC0cafbsXzN3Bh7mMgUaCf0Vx85IH2z+gvsXGVYCkFKNxdllILIoywjA==",
      "dev": true,
      "license": "MIT",
      "dependencies": {
        "parse5": "^7.3.0"
      },
      "bin": {
        "carve": "dist/cli.js"
      },
      "engines": {
        "node": ">=20"
      },
      "peerDependencies": {
        "@djot/djot": "^0.3.2"
      },
      "peerDependenciesMeta": {
        "@djot/djot": {
          "optional": true
        }
      }
    },
    "node_modules/@markup-carve/carve-grammars": {
      "version": "0.1.9",
      "resolved": "https://registry.npmjs.org/@markup-carve/carve-grammars/-/carve-grammars-0.1.9.tgz",
      "integrity": "sha512-T+H/+TA49mGVtG/AFHy3VH1TvpxQkT9o7kRB+cPR4ZFYxkuKqcmbc4JisfO+lhsKmFgs6votIYUwvUc0eo5+Vg==",
      "dev": true,
      "license": "MIT",
      "dependencies": {
        "@markup-carve/carve": "^0.1.7",
        "node-diff3": "^3.2.1"
      },
      "peerDependencies": {
        "@shikijs/themes": "^2 || ^3 || ^4",
        "@shikijs/types": "^2 || ^3 || ^4",
        "@terrastruct/d2": "^0.1",
        "@tiptap/core": "^2 || ^3",
        "@tiptap/extension-bullet-list": "^2 || ^3",
        "@tiptap/extension-code": "^2 || ^3",
        "@tiptap/extension-code-block": "^2 || ^3",
        "@tiptap/extension-hard-break": "^2 || ^3",
        "@tiptap/extension-heading": "^2 || ^3",
        "@tiptap/extension-highlight": "^2 || ^3",
        "@tiptap/extension-image": "^2 || ^3",
        "@tiptap/extension-link": "^2 || ^3",
        "@tiptap/extension-list-item": "^2 || ^3",
        "@tiptap/extension-ordered-list": "^2 || ^3",
        "@tiptap/extension-subscript": "^2 || ^3",
        "@tiptap/extension-superscript": "^2 || ^3",
        "@tiptap/extension-table": "^2 || ^3",
        "@tiptap/extension-table-cell": "^2 || ^3",
        "@tiptap/extension-table-header": "^2 || ^3",
        "@tiptap/extension-table-row": "^2 || ^3",
        "@tiptap/extension-task-item": "^2 || ^3",
        "@tiptap/extension-task-list": "^2 || ^3",
        "@tiptap/extension-underline": "^2 || ^3",
        "@tiptap/pm": "^2 || ^3",
        "@tiptap/starter-kit": "^2 || ^3",
        "@viz-js/viz": "^3",
        "highlight.js": "^11",
        "prismjs": "^1"
      },
      "peerDependenciesMeta": {
        "@shikijs/themes": {
          "optional": true
        },
        "@shikijs/types": {
          "optional": true
        },
        "@terrastruct/d2": {
          "optional": true
        },
        "@tiptap/core": {
          "optional": true
        },
        "@tiptap/extension-bullet-list": {
          "optional": true
        },
        "@tiptap/extension-code": {
          "optional": true
        },
        "@tiptap/extension-code-block": {
          "optional": true
        },
        "@tiptap/extension-hard-break": {
          "optional": true
        },
        "@tiptap/extension-heading": {
          "optional": true
        },
        "@tiptap/extension-highlight": {
          "optional": true
        },
        "@tiptap/extension-image": {
          "optional": true
        },
        "@tiptap/extension-link": {
          "optional": true
        },
        "@tiptap/extension-list-item": {
          "optional": true
        },
        "@tiptap/extension-ordered-list": {
          "optional": true
        },
        "@tiptap/extension-subscript": {
          "optional": true
        },
        "@tiptap/extension-superscript": {
          "optional": true
        },
        "@tiptap/extension-table": {
          "optional": true
        },
        "@tiptap/extension-table-cell": {
          "optional": true
        },
        "@tiptap/extension-table-header": {
          "optional": true
        },
        "@tiptap/extension-table-row": {
          "optional": true
        },
        "@tiptap/extension-task-item": {
          "optional": true
        },
        "@tiptap/extension-task-list": {
          "optional": true
        },
        "@tiptap/extension-underline": {
          "optional": true
        },
        "@tiptap/pm": {
          "optional": true
        },
        "@tiptap/starter-kit": {
          "optional": true
        },
        "@viz-js/viz": {
          "optional": true
        },
        "highlight.js": {
          "optional": true
        },
        "prismjs": {
          "optional": true
        }
      }
    },
    "node_modules/entities": {
      "version": "6.0.1",
      "resolved": "https://registry.npmjs.org/entities/-/entities-6.0.1.tgz",
      "integrity": "sha512-aN97NXWF6AWBTahfVOIrB/NShkzi5H7F9r1s9mD3cDj4Ko5f2qhhVoYMibXF7GlLveb/D2ioWay8lxI97Ven3g==",
      "dev": true,
      "license": "BSD-2-Clause",
      "engines": {
        "node": ">=0.12"
      },
      "funding": {
        "url": "https://github.com/fb55/entities?sponsor=1"
      }
    },
    "node_modules/highlight.js": {
      "version": "11.12.0",
      "resolved": "https://registry.npmjs.org/highlight.js/-/highlight.js-11.12.0.tgz",
      "integrity": "sha512-nbfWpyRMcMrPMmDwJB+dhX/eiaPKtc2RB+0QZskqJ3WjRA/FDS0e9hZrx8EC/lbEv8gXy98FcDbNa/dspAaJMg==",
      "dev": true,
      "license": "BSD-3-Clause",
      "engines": {
        "node": ">=12.0.0"
      }
    },
    "node_modules/node-diff3": {
      "version": "3.2.1",
      "resolved": "https://registry.npmjs.org/node-diff3/-/node-diff3-3.2.1.tgz",
      "integrity": "sha512-eKZcJ8RtMQ3cIaA15EgmtwG927fYnRlhtdA4Q9HAcCpAZPQhhU2XptnTH9GeAkMiX2bAXxlJSAFa9shFbztPgw==",
      "dev": true,
      "license": "MIT",
      "engines": {
        "bun": ">=1.3.10"
      }
    },
    "node_modules/parse5": {
      "version": "7.3.0",
      "resolved": "https://registry.npmjs.org/parse5/-/parse5-7.3.0.tgz",
      "integrity": "sha512-IInvU7fabl34qmi9gY8XOVxhYyMyuH2xUNpb2q8/Y+7552KlejkRvqvD19nMoUW/uQGGbqNpA6Tufu5FL5BZgw==",
      "dev": true,
      "license": "MIT",
      "dependencies": {
        "entities": "^6.0.0"
      },
      "funding": {
        "url": "https://github.com/inikulin/parse5?sponsor=1"
      }
    }
  }
}
